
Microsoft Visual Studio Solution File, Format Version 12.00
# Visual Studio 2012
Project("{FAE04EC0-301F-11D3-BF4B-00C04F79EFBC}") = "Rehood_Naes", "Rehood Naes\Rehood_Naes.csproj", "{5BAD518F-2E8F-49A6-9C7E-92F1D30D1743}"
EndProject
Global
	GlobalSection(SolutionConfigurationPlatforms) = preSolution
		Debug|x86 = Debug|x86
		Release|x86 = Release|x86
	EndGlobalSection
	GlobalSection(ProjectConfigurationPlatforms) = postSolution
		{5BAD518F-2E8F-49A6-9C7E-92F1D30D1743}.Debug|x86.ActiveCfg = Debug|x86
		{5BAD518F-2E8F-49A6-9C7E-92F1D30D1743}.Debug|x86.Build.0 = Debug|x86
		{5BAD518F-2E8F-49A6-9C7E-92F1D30D1743}.Release|x86.ActiveCfg = Release|x86
		{5BAD518F-2E8F-49A6-9C7E-92F1D30D1743}.Release|x86.Build.0 = Release|x86
	EndGlobalSection
EndGlobal
